
Microsoft Visual Studio Solution File, Format Version 12.00
# Visual Studio Version 16
VisualStudioVersion = 16.0.30621.155
MinimumVisualStudioVersion = 10.0.40219.1
Project("{FAE04EC0-301F-11D3-BF4B-00C04F79EFBC}") = "Paul_Andreea_Proiect", "Paul_Andreea_Proiect.csproj", "{1656A49B-ACF6-464E-9D1B-4056AE0482A1}"
EndProject
Global
	GlobalSection(SolutionConfigurationPlatforms) = preSolution
		Debug|Any CPU = Debug|Any CPU
		Release|Any CPU = Release|Any CPU
	EndGlobalSection
	GlobalSection(ProjectConfigurationPlatforms) = postSolution
		{1656A49B-ACF6-464E-9D1B-4056AE0482A1}.Debug|Any CPU.ActiveCfg = Debug|Any CPU
		{1656A49B-ACF6-464E-9D1B-4056AE0482A1}.Debug|Any CPU.Build.0 = Debug|Any CPU
		{1656A49B-ACF6-464E-9D1B-4056AE0482A1}.Release|Any CPU.ActiveCfg = Release|Any CPU
		{1656A49B-ACF6-464E-9D1B-4056AE0482A1}.Release|Any CPU.Build.0 = Release|Any CPU
	EndGlobalSection
	GlobalSection(SolutionProperties) = preSolution
		HideSolutionNode = FALSE
	EndGlobalSection
	GlobalSection(ExtensibilityGlobals) = postSolution
		SolutionGuid = {6884E1FC-5D2B-4573-8BEF-147054211688}
	EndGlobalSection
EndGlobal
